
Microsoft Visual Studio Solution File, Format Version 12.00
# Visual Studio Version 16
VisualStudioVersion = 16.0.30011.22
MinimumVisualStudioVersion = 10.0.40219.1
Project("{FAE04EC0-301F-11D3-BF4B-00C04F79EFBC}") = "LibraryManager.UWP", "LibraryManager\LibraryManager.UWP\LibraryManager.UWP.csproj", "{9D7E5708-0F05-4B61-B75A-B3A6F4238723}"
EndProject
Project("{FAE04EC0-301F-11D3-BF4B-00C04F79EFBC}") = "LibraryManager.Android", "LibraryManager\LibraryManager.Android\LibraryManager.Android.csproj", "{E591BB9A-DF85-4ADB-9BDC-2C9C86026EF5}"
EndProject
Project("{FAE04EC0-301F-11D3-BF4B-00C04F79EFBC}") = "LibraryManager.iOS", "LibraryManager\LibraryManager.iOS\LibraryManager.iOS.csproj", "{FF4CD53E-C227-49C8-9EAB-AD154BAE85CA}"
EndProject
Project("{FAE04EC0-301F-11D3-BF4B-00C04F79EFBC}") = "LibraryManager", "LibraryManager\LibraryManager\LibraryManager.csproj", "{584070FB-55F8-4CD6-84B9-6CBDAD2BA76B}"
EndProject
Global
	GlobalSection(SolutionConfigurationPlatforms) = preSolution
		Debug|Any CPU = Debug|Any CPU
		Debug|ARM = Debug|ARM
		Debug|iPhone = Debug|iPhone
		Debug|iPhoneSimulator = Debug|iPhoneSimulator
		Debug|x64 = Debug|x64
		Debug|x86 = Debug|x86
		Release|Any CPU = Release|Any CPU
		Release|ARM = Release|ARM
		Release|iPhone = Release|iPhone
		Release|iPhoneSimulator = Release|iPhoneSimulator
		Release|x64 = Release|x64
		Release|x86 = Release|x86
	EndGlobalSection
	GlobalSection(ProjectConfigurationPlatforms) = postSolution
		{9D7E5708-0F05-4B61-B75A-B3A6F4238723}.Debug|Any CPU.ActiveCfg = Debug|x86
		{9D7E5708-0F05-4B61-B75A-B3A6F4238723}.Debug|Any CPU.Build.0 = Debug|x86
		{9D7E5708-0F05-4B61-B75A-B3A6F4238723}.Debug|Any CPU.Deploy.0 = Debug|x86
		{9D7E5708-0F05-4B61-B75A-B3A6F4238723}.Debug|ARM.ActiveCfg = Debug|ARM
		{9D7E5708-0F05-4B61-B75A-B3A6F4238723}.Debug|ARM.Build.0 = Debug|ARM
		{9D7E5708-0F05-4B61-B75A-B3A6F4238723}.Debug|ARM.Deploy.0 = Debug|ARM
		{9D7E5708-0F05-4B61-B75A-B3A6F4238723}.Debug|iPhone.ActiveCfg = Debug|x86
		{9D7E5708-0F05-4B61-B75A-B3A6F4238723}.Debug|iPhone.Build.0 = Debug|x86
		{9D7E5708-0F05-4B61-B75A-B3A6F4238723}.Debug|iPhone.Deploy.0 = Debug|x86
		{9D7E5708-0F05-4B61-B75A-B3A6F4238723}.Debug|iPhoneSimulator.ActiveCfg = Debug|x86
		{9D7E5708-0F05-4B61-B75A-B3A6F4238723}.Debug|iPhoneSimulator.Build.0 = Debug|x86
		{9D7E5708-0F05-4B61-B75A-B3A6F4238723}.Debug|iPhoneSimulator.Deploy.0 = Debug|x86
		{9D7E5708-0F05-4B61-B75A-B3A6F4238723}.Debug|x64.ActiveCfg = Debug|x64
		{9D7E5708-0F05-4B61-B75A-B3A6F4238723}.Debug|x64.Build.0 = Debug|x64
		{9D7E5708-0F05-4B61-B75A-B3A6F4238723}.Debug|x64.Deploy.0 = Debug|x64
		{9D7E5708-0F05-4B61-B75A-B3A6F4238723}.Debug|x86.ActiveCfg = Debug|x86
		{9D7E5708-0F05-4B61-B75A-B3A6F4238723}.Debug|x86.Build.0 = Debug|x86
		{9D7E5708-0F05-4B61-B75A-B3A6F4238723}.Debug|x86.Deploy.0 = Debug|x86
		{9D7E5708-0F05-4B61-B75A-B3A6F4238723}.Release|Any CPU.ActiveCfg = Release|x86
		{9D7E5708-0F05-4B61-B75A-B3A6F4238723}.Release|Any CPU.Build.0 = Release|x86
		{9D7E5708-0F05-4B61-B75A-B3A6F4238723}.Release|Any CPU.Deploy.0 = Release|x86
		{9D7E5708-0F05-4B61-B75A-B3A6F4238723}.Release|ARM.ActiveCfg = Release|ARM
		{9D7E5708-0F05-4B61-B75A-B3A6F4238723}.Release|ARM.Build.0 = Release|ARM
		{9D7E5708-0F05-4B61-B75A-B3A6F4238723}.Release|ARM.Deploy.0 = Release|ARM
		{9D7E5708-0F05-4B61-B75A-B3A6F4238723}.Release|iPhone.ActiveCfg = Release|x86
		{9D7E5708-0F05-4B61-B75A-B3A6F4238723}.Release|iPhone.Build.0 = Release|x86
		{9D7E5708-0F05-4B61-B75A-B3A6F4238723}.Release|iPhone.Deploy.0 = Release|x86
		{9D7E5708-0F05-4B61-B75A-B3A6F4238723}.Release|iPhoneSimulator.ActiveCfg = Release|x86
		{9D7E5708-0F05-4B61-B75A-B3A6F4238723}.Release|iPhoneSimulator.Build.0 = Release|x86
		{9D7E5708-0F05-4B61-B75A-B3A6F4238723}.Release|iPhoneSimulator.Deploy.0 = Release|x86
		{9D7E5708-0F05-4B61-B75A-B3A6F4238723}.Release|x64.ActiveCfg = Release|x64
		{9D7E5708-0F05-4B61-B75A-B3A6F4238723}.Release|x64.Build.0 = Release|x64
		{9D7E5708-0F05-4B61-B75A-B3A6F4238723}.Release|x64.Deploy.0 = Release|x64
		{9D7E5708-0F05-4B61-B75A-B3A6F4238723}.Release|x86.ActiveCfg = Release|x86
		{9D7E5708-0F05-4B61-B75A-B3A6F4238723}.Release|x86.Build.0 = Release|x86
		{9D7E5708-0F05-4B61-B75A-B3A6F4238723}.Release|x86.Deploy.0 = Release|x86
		{E591BB9A-DF85-4ADB-9BDC-2C9C86026EF5}.Debug|Any CPU.ActiveCfg = Debug|Any CPU
		{E591BB9A-DF85-4ADB-9BDC-2C9C86026EF5}.Debug|Any CPU.Build.0 = Debug|Any CPU
		{E591BB9A-DF85-4ADB-9BDC-2C9C86026EF5}.Debug|Any CPU.Deploy.0 = Debug|Any CPU
		{E591BB9A-DF85-4ADB-9BDC-2C9C86026EF5}.Debug|ARM.ActiveCfg = Debug|Any CPU
		{E591BB9A-DF85-4ADB-9BDC-2C9C86026EF5}.Debug|ARM.Build.0 = Debug|Any CPU
		{E591BB9A-DF85-4ADB-9BDC-2C9C86026EF5}.Debug|ARM.Deploy.0 = Debug|Any CPU
		{E591BB9A-DF85-4ADB-9BDC-2C9C86026EF5}.Debug|iPhone.ActiveCfg = Debug|Any CPU
		{E591BB9A-DF85-4ADB-9BDC-2C9C86026EF5}.Debug|iPhone.Build.0 = Debug|Any CPU
		{E591BB9A-DF85-4ADB-9BDC-2C9C86026EF5}.Debug|iPhone.Deploy.0 = Debug|Any CPU
		{E591BB9A-DF85-4ADB-9BDC-2C9C86026EF5}.Debug|iPhoneSimulator.ActiveCfg = Debug|Any CPU
		{E591BB9A-DF85-4ADB-9BDC-2C9C86026EF5}.Debug|iPhoneSimulator.Build.0 = Debug|Any CPU
		{E591BB9A-DF85-4ADB-9BDC-2C9C86026EF5}.Debug|iPhoneSimulator.Deploy.0 = Debug|Any CPU
		{E591BB9A-DF85-4ADB-9BDC-2C9C86026EF5}.Debug|x64.ActiveCfg = Debug|Any CPU
		{E591BB9A-DF85-4ADB-9BDC-2C9C86026EF5}.Debug|x64.Build.0 = Debug|Any CPU
		{E591BB9A-DF85-4ADB-9BDC-2C9C86026EF5}.Debug|x64.Deploy.0 = Debug|Any CPU
		{E591BB9A-DF85-4ADB-9BDC-2C9C86026EF5}.Debug|x86.ActiveCfg = Debug|Any CPU
		{E591BB9A-DF85-4ADB-9BDC-2C9C86026EF5}.Debug|x86.Build.0 = Debug|Any CPU
		{E591BB9A-DF85-4ADB-9BDC-2C9C86026EF5}.Debug|x86.Deploy.0 = Debug|Any CPU
		{E591BB9A-DF85-4ADB-9BDC-2C9C86026EF5}.Release|Any CPU.ActiveCfg = Release|Any CPU
		{E591BB9A-DF85-4ADB-9BDC-2C9C86026EF5}.Release|Any CPU.Build.0 = Release|Any CPU
		{E591BB9A-DF85-4ADB-9BDC-2C9C86026EF5}.Release|Any CPU.Deploy.0 = Release|Any CPU
		{E591BB9A-DF85-4ADB-9BDC-2C9C86026EF5}.Release|ARM.ActiveCfg = Release|Any CPU
		{E591BB9A-DF85-4ADB-9BDC-2C9C86026EF5}.Release|ARM.Build.0 = Release|Any CPU
		{E591BB9A-DF85-4ADB-9BDC-2C9C86026EF5}.Release|ARM.Deploy.0 = Release|Any CPU
		{E591BB9A-DF85-4ADB-9BDC-2C9C86026EF5}.Release|iPhone.ActiveCfg = Release|Any CPU
		{E591BB9A-DF85-4ADB-9BDC-2C9C86026EF5}.Release|iPhone.Build.0 = Release|Any CPU
		{E591BB9A-DF85-4ADB-9BDC-2C9C86026EF5}.Release|iPhone.Deploy.0 = Release|Any CPU
		{E591BB9A-DF85-4ADB-9BDC-2C9C86026EF5}.Release|iPhoneSimulator.ActiveCfg = Release|Any CPU
		{E591BB9A-DF85-4ADB-9BDC-2C9C86026EF5}.Release|iPhoneSimulator.Build.0 = Release|Any CPU
		{E591BB9A-DF85-4ADB-9BDC-2C9C86026EF5}.Release|iPhoneSimulator.Deploy.0 = Release|Any CPU
		{E591BB9A-DF85-4ADB-9BDC-2C9C86026EF5}.Release|x64.ActiveCfg = Release|Any CPU
		{E591BB9A-DF85-4ADB-9BDC-2C9C86026EF5}.Release|x64.Build.0 = Release|Any CPU
		{E591BB9A-DF85-4ADB-9BDC-2C9C86026EF5}.Release|x64.Deploy.0 = Release|Any CPU
		{E591BB9A-DF85-4ADB-9BDC-2C9C86026EF5}.Release|x86.ActiveCfg = Release|Any CPU
		{E591BB9A-DF85-4ADB-9BDC-2C9C86026EF5}.Release|x86.Build.0 = Release|Any CPU
		{E591BB9A-DF85-4ADB-9BDC-2C9C86026EF5}.Release|x86.Deploy.0 = Release|Any CPU
		{FF4CD53E-C227-49C8-9EAB-AD154BAE85CA}.Debug|Any CPU.ActiveCfg = Debug|iPhone
		{FF4CD53E-C227-49C8-9EAB-AD154BAE85CA}.Debug|Any CPU.Build.0 = Debug|iPhone
		{FF4CD53E-C227-49C8-9EAB-AD154BAE85CA}.Debug|Any CPU.Deploy.0 = Debug|iPhone
		{FF4CD53E-C227-49C8-9EAB-AD154BAE85CA}.Debug|ARM.ActiveCfg = Debug|iPhone
		{FF4CD53E-C227-49C8-9EAB-AD154BAE85CA}.Debug|ARM.Build.0 = Debug|iPhone
		{FF4CD53E-C227-49C8-9EAB-AD154BAE85CA}.Debug|ARM.Deploy.0 = Debug|iPhone
		{FF4CD53E-C227-49C8-9EAB-AD154BAE85CA}.Debug|iPhone.ActiveCfg = Debug|iPhone
		{FF4CD53E-C227-49C8-9EAB-AD154BAE85CA}.Debug|iPhone.Build.0 = Debug|iPhone
		{FF4CD53E-C227-49C8-9EAB-AD154BAE85CA}.Debug|iPhone.Deploy.0 = Debug|iPhone
		{FF4CD53E-C227-49C8-9EAB-AD154BAE85CA}.Debug|iPhoneSimulator.ActiveCfg = Debug|iPhoneSimulator
		{FF4CD53E-C227-49C8-9EAB-AD154BAE85CA}.Debug|iPhoneSimulator.Build.0 = Debug|iPhoneSimulator
		{FF4CD53E-C227-49C8-9EAB-AD154BAE85CA}.Debug|iPhoneSimulator.Deploy.0 = Debug|iPhoneSimulator
		{FF4CD53E-C227-49C8-9EAB-AD154BAE85CA}.Debug|x64.ActiveCfg = Debug|iPhone
		{FF4CD53E-C227-49C8-9EAB-AD154BAE85CA}.Debug|x64.Build.0 = Debug|iPhone
		{FF4CD53E-C227-49C8-9EAB-AD154BAE85CA}.Debug|x64.Deploy.0 = Debug|iPhone
		{FF4CD53E-C227-49C8-9EAB-AD154BAE85CA}.Debug|x86.ActiveCfg = Debug|iPhone
		{FF4CD53E-C227-49C8-9EAB-AD154BAE85CA}.Debug|x86.Build.0 = Debug|iPhone
		{FF4CD53E-C227-49C8-9EAB-AD154BAE85CA}.Debug|x86.Deploy.0 = Debug|iPhone
		{FF4CD53E-C227-49C8-9EAB-AD154BAE85CA}.Release|Any CPU.ActiveCfg = Release|iPhone
		{FF4CD53E-C227-49C8-9EAB-AD154BAE85CA}.Release|Any CPU.Build.0 = Release|iPhone
		{FF4CD53E-C227-49C8-9EAB-AD154BAE85CA}.Release|Any CPU.Deploy.0 = Release|iPhone
		{FF4CD53E-C227-49C8-9EAB-AD154BAE85CA}.Release|ARM.ActiveCfg = Release|iPhone
		{FF4CD53E-C227-49C8-9EAB-AD154BAE85CA}.Release|ARM.Build.0 = Release|iPhone
		{FF4CD53E-C227-49C8-9EAB-AD154BAE85CA}.Release|ARM.Deploy.0 = Release|iPhone
		{FF4CD53E-C227-49C8-9EAB-AD154BAE85CA}.Release|iPhone.ActiveCfg = Release|iPhone
		{FF4CD53E-C227-49C8-9EAB-AD154BAE85CA}.Release|iPhone.Build.0 = Release|iPhone
		{FF4CD53E-C227-49C8-9EAB-AD154BAE85CA}.Release|iPhone.Deploy.0 = Release|iPhone
		{FF4CD53E-C227-49C8-9EAB-AD154BAE85CA}.Release|iPhoneSimulator.ActiveCfg = Release|iPhoneSimulator
		{FF4CD53E-C227-49C8-9EAB-AD154BAE85CA}.Release|iPhoneSimulator.Build.0 = Release|iPhoneSimulator
		{FF4CD53E-C227-49C8-9EAB-AD154BAE85CA}.Release|iPhoneSimulator.Deploy.0 = Release|iPhoneSimulator
		{FF4CD53E-C227-49C8-9EAB-AD154BAE85CA}.Release|x64.ActiveCfg = Release|iPhone
		{FF4CD53E-C227-49C8-9EAB-AD154BAE85CA}.Release|x64.Build.0 = Release|iPhone
		{FF4CD53E-C227-49C8-9EAB-AD154BAE85CA}.Release|x64.Deploy.0 = Release|iPhone
		{FF4CD53E-C227-49C8-9EAB-AD154BAE85CA}.Release|x86.ActiveCfg = Release|iPhone
		{FF4CD53E-C227-49C8-9EAB-AD154BAE85CA}.Release|x86.Build.0 = Release|iPhone
		{FF4CD53E-C227-49C8-9EAB-AD154BAE85CA}.Release|x86.Deploy.0 = Release|iPhone
		{584070FB-55F8-4CD6-84B9-6CBDAD2BA76B}.Debug|Any CPU.ActiveCfg = Debug|Any CPU
		{584070FB-55F8-4CD6-84B9-6CBDAD2BA76B}.Debug|Any CPU.Build.0 = Debug|Any CPU
		{584070FB-55F8-4CD6-84B9-6CBDAD2BA76B}.Debug|Any CPU.Deploy.0 = Debug|Any CPU
		{584070FB-55F8-4CD6-84B9-6CBDAD2BA76B}.Debug|ARM.ActiveCfg = Debug|Any CPU
		{584070FB-55F8-4CD6-84B9-6CBDAD2BA76B}.Debug|ARM.Build.0 = Debug|Any CPU
		{584070FB-55F8-4CD6-84B9-6CBDAD2BA76B}.Debug|ARM.Deploy.0 = Debug|Any CPU
		{584070FB-55F8-4CD6-84B9-6CBDAD2BA76B}.Debug|iPhone.ActiveCfg = Debug|Any CPU
		{584070FB-55F8-4CD6-84B9-6CBDAD2BA76B}.Debug|iPhone.Build.0 = Debug|Any CPU
		{584070FB-55F8-4CD6-84B9-6CBDAD2BA76B}.Debug|iPhone.Deploy.0 = Debug|Any CPU
		{584070FB-55F8-4CD6-84B9-6CBDAD2BA76B}.Debug|iPhoneSimulator.ActiveCfg = Debug|Any CPU
		{584070FB-55F8-4CD6-84B9-6CBDAD2BA76B}.Debug|iPhoneSimulator.Build.0 = Debug|Any CPU
		{584070FB-55F8-4CD6-84B9-6CBDAD2BA76B}.Debug|iPhoneSimulator.Deploy.0 = Debug|Any CPU
		{584070FB-55F8-4CD6-84B9-6CBDAD2BA76B}.Debug|x64.ActiveCfg = Debug|Any CPU
		{584070FB-55F8-4CD6-84B9-6CBDAD2BA76B}.Debug|x64.Build.0 = Debug|Any CPU
		{584070FB-55F8-4CD6-84B9-6CBDAD2BA76B}.Debug|x64.Deploy.0 = Debug|Any CPU
		{584070FB-55F8-4CD6-84B9-6CBDAD2BA76B}.Debug|x86.ActiveCfg = Debug|Any CPU
		{584070FB-55F8-4CD6-84B9-6CBDAD2BA76B}.Debug|x86.Build.0 = Debug|Any CPU
		{584070FB-55F8-4CD6-84B9-6CBDAD2BA76B}.Debug|x86.Deploy.0 = Debug|Any CPU
		{584070FB-55F8-4CD6-84B9-6CBDAD2BA76B}.Release|Any CPU.ActiveCfg = Release|Any CPU
		{584070FB-55F8-4CD6-84B9-6CBDAD2BA76B}.Release|Any CPU.Build.0 = Release|Any CPU
		{584070FB-55F8-4CD6-84B9-6CBDAD2BA76B}.Release|Any CPU.Deploy.0 = Release|Any CPU
		{584070FB-55F8-4CD6-84B9-6CBDAD2BA76B}.Release|ARM.ActiveCfg = Release|Any CPU
		{584070FB-55F8-4CD6-84B9-6CBDAD2BA76B}.Release|ARM.Build.0 = Release|Any CPU
		{584070FB-55F8-4CD6-84B9-6CBDAD2BA76B}.Release|ARM.Deploy.0 = Release|Any CPU
		{584070FB-55F8-4CD6-84B9-6CBDAD2BA76B}.Release|iPhone.ActiveCfg = Release|Any CPU
		{584070FB-55F8-4CD6-84B9-6CBDAD2BA76B}.Release|iPhone.Build.0 = Release|Any CPU
		{584070FB-55F8-4CD6-84B9-6CBDAD2BA76B}.Release|iPhone.Deploy.0 = Release|Any CPU
		{584070FB-55F8-4CD6-84B9-6CBDAD2BA76B}.Release|iPhoneSimulator.ActiveCfg = Release|Any CPU
		{584070FB-55F8-4CD6-84B9-6CBDAD2BA76B}.Release|iPhoneSimulator.Build.0 = Release|Any CPU
		{584070FB-55F8-4CD6-84B9-6CBDAD2BA76B}.Release|iPhoneSimulator.Deploy.0 = Release|Any CPU
		{584070FB-55F8-4CD6-84B9-6CBDAD2BA76B}.Release|x64.ActiveCfg = Release|Any CPU
		{584070FB-55F8-4CD6-84B9-6CBDAD2BA76B}.Release|x64.Build.0 = Release|Any CPU
		{584070FB-55F8-4CD6-84B9-6CBDAD2BA76B}.Release|x64.Deploy.0 = Release|Any CPU
		{584070FB-55F8-4CD6-84B9-6CBDAD2BA76B}.Release|x86.ActiveCfg = Release|Any CPU
		{584070FB-55F8-4CD6-84B9-6CBDAD2BA76B}.Release|x86.Build.0 = Release|Any CPU
		{584070FB-55F8-4CD6-84B9-6CBDAD2BA76B}.Release|x86.Deploy.0 = Release|Any CPU
	EndGlobalSection
	GlobalSection(SolutionProperties) = preSolution
		HideSolutionNode = FALSE
	EndGlobalSection
	GlobalSection(ExtensibilityGlobals) = postSolution
		SolutionGuid = {E2C10E08-4779-4F97-B00D-F7823CD1B494}
	EndGlobalSection
EndGlobal
